
Microsoft Visual Studio Solution File, Format Version 12.00
# Visual Studio Version 16
VisualStudioVersion = 16.0.31025.194
MinimumVisualStudioVersion = 10.0.40219.1
Project("{9A19103F-16F7-4668-BE54-9A1E7A4F7556}") = "Telegraph", "Telegraph\Telegraph.csproj", "{EC35FCD2-5EDD-47A7-9A83-08004BAC9272}"
EndProject
Project("{9A19103F-16F7-4668-BE54-9A1E7A4F7556}") = "Telegraph.Test", "Telegraph.Test\Telegraph.Test.csproj", "{C1675811-68B9-4417-B79D-CA8911081CC0}"
EndProject
Project("{2150E333-8FDC-42A3-9474-1A3956D46DE8}") = "Solution Items", "Solution Items", "{4126B773-C84E-4618-A4B5-0AA9AA1CC500}"
	ProjectSection(SolutionItems) = preProject
		..\.gitignore = ..\.gitignore
		..\LICENSE = ..\LICENSE
		..\README.md = ..\README.md
	EndProjectSection
EndProject
Project("{9A19103F-16F7-4668-BE54-9A1E7A4F7556}") = "Telegraph.HTML", "Telegraph.HTML\Telegraph.HTML.csproj", "{530D0DF9-38CD-4E9E-A39F-715C62CB5432}"
EndProject
Project("{9A19103F-16F7-4668-BE54-9A1E7A4F7556}") = "Telegraph.HTML.Test", "Telegraph.HTML.Test\Telegraph.HTML.Test.csproj", "{6D95F691-B822-4B84-8C5F-E35DA402519B}"
EndProject
Project("{2150E333-8FDC-42A3-9474-1A3956D46DE8}") = "Tests", "Tests", "{FB924CAF-2B6D-41FE-9BB5-E6B91AE74256}"
EndProject
Project("{2150E333-8FDC-42A3-9474-1A3956D46DE8}") = "NuGets", "NuGets", "{8731A2CB-09E1-4287-9333-657275449D86}"
EndProject
Project("{FAE04EC0-301F-11D3-BF4B-00C04F79EFBC}") = "Telegraph.Markdown", "Telegraph.Markdown\Telegraph.Markdown.csproj", "{CE4E4C87-0FFA-4B84-A83B-E64C84E6D746}"
EndProject
Project("{FAE04EC0-301F-11D3-BF4B-00C04F79EFBC}") = "Telegraph.Markdown.Test", "Telegraph.Markdown.Test\Telegraph.Markdown.Test.csproj", "{E9E97430-409E-4D85-9068-8FE5F7285CF5}"
EndProject
Global
	GlobalSection(SolutionConfigurationPlatforms) = preSolution
		Debug|Any CPU = Debug|Any CPU
		Release|Any CPU = Release|Any CPU
	EndGlobalSection
	GlobalSection(ProjectConfigurationPlatforms) = postSolution
		{EC35FCD2-5EDD-47A7-9A83-08004BAC9272}.Debug|Any CPU.ActiveCfg = Debug|Any CPU
		{EC35FCD2-5EDD-47A7-9A83-08004BAC9272}.Debug|Any CPU.Build.0 = Debug|Any CPU
		{EC35FCD2-5EDD-47A7-9A83-08004BAC9272}.Release|Any CPU.ActiveCfg = Release|Any CPU
		{EC35FCD2-5EDD-47A7-9A83-08004BAC9272}.Release|Any CPU.Build.0 = Release|Any CPU
		{C1675811-68B9-4417-B79D-CA8911081CC0}.Debug|Any CPU.ActiveCfg = Debug|Any CPU
		{C1675811-68B9-4417-B79D-CA8911081CC0}.Debug|Any CPU.Build.0 = Debug|Any CPU
		{C1675811-68B9-4417-B79D-CA8911081CC0}.Release|Any CPU.ActiveCfg = Release|Any CPU
		{C1675811-68B9-4417-B79D-CA8911081CC0}.Release|Any CPU.Build.0 = Release|Any CPU
		{530D0DF9-38CD-4E9E-A39F-715C62CB5432}.Debug|Any CPU.ActiveCfg = Debug|Any CPU
		{530D0DF9-38CD-4E9E-A39F-715C62CB5432}.Debug|Any CPU.Build.0 = Debug|Any CPU
		{530D0DF9-38CD-4E9E-A39F-715C62CB5432}.Release|Any CPU.ActiveCfg = Release|Any CPU
		{530D0DF9-38CD-4E9E-A39F-715C62CB5432}.Release|Any CPU.Build.0 = Release|Any CPU
		{6D95F691-B822-4B84-8C5F-E35DA402519B}.Debug|Any CPU.ActiveCfg = Debug|Any CPU
		{6D95F691-B822-4B84-8C5F-E35DA402519B}.Debug|Any CPU.Build.0 = Debug|Any CPU
		{6D95F691-B822-4B84-8C5F-E35DA402519B}.Release|Any CPU.ActiveCfg = Release|Any CPU
		{6D95F691-B822-4B84-8C5F-E35DA402519B}.Release|Any CPU.Build.0 = Release|Any CPU
		{CE4E4C87-0FFA-4B84-A83B-E64C84E6D746}.Debug|Any CPU.ActiveCfg = Debug|Any CPU
		{CE4E4C87-0FFA-4B84-A83B-E64C84E6D746}.Debug|Any CPU.Build.0 = Debug|Any CPU
		{CE4E4C87-0FFA-4B84-A83B-E64C84E6D746}.Release|Any CPU.ActiveCfg = Release|Any CPU
		{CE4E4C87-0FFA-4B84-A83B-E64C84E6D746}.Release|Any CPU.Build.0 = Release|Any CPU
		{E9E97430-409E-4D85-9068-8FE5F7285CF5}.Debug|Any CPU.ActiveCfg = Debug|Any CPU
		{E9E97430-409E-4D85-9068-8FE5F7285CF5}.Debug|Any CPU.Build.0 = Debug|Any CPU
		{E9E97430-409E-4D85-9068-8FE5F7285CF5}.Release|Any CPU.ActiveCfg = Release|Any CPU
		{E9E97430-409E-4D85-9068-8FE5F7285CF5}.Release|Any CPU.Build.0 = Release|Any CPU
	EndGlobalSection
	GlobalSection(SolutionProperties) = preSolution
		HideSolutionNode = FALSE
	EndGlobalSection
	GlobalSection(NestedProjects) = preSolution
		{EC35FCD2-5EDD-47A7-9A83-08004BAC9272} = {8731A2CB-09E1-4287-9333-657275449D86}
		{C1675811-68B9-4417-B79D-CA8911081CC0} = {FB924CAF-2B6D-41FE-9BB5-E6B91AE74256}
		{530D0DF9-38CD-4E9E-A39F-715C62CB5432} = {8731A2CB-09E1-4287-9333-657275449D86}
		{6D95F691-B822-4B84-8C5F-E35DA402519B} = {FB924CAF-2B6D-41FE-9BB5-E6B91AE74256}
		{CE4E4C87-0FFA-4B84-A83B-E64C84E6D746} = {8731A2CB-09E1-4287-9333-657275449D86}
		{E9E97430-409E-4D85-9068-8FE5F7285CF5} = {FB924CAF-2B6D-41FE-9BB5-E6B91AE74256}
	EndGlobalSection
	GlobalSection(ExtensibilityGlobals) = postSolution
		SolutionGuid = {19D066D4-516C-4D63-A928-09D97E2DF039}
	EndGlobalSection
EndGlobal
