
Microsoft Visual Studio Solution File, Format Version 12.00
# Visual Studio Version 16
VisualStudioVersion = 16.0.31025.194
MinimumVisualStudioVersion = 10.0.40219.1
Project("{9A19103F-16F7-4668-BE54-9A1E7A4F7556}") = "Telegraph", "Telegraph\Telegraph.csproj", "{EC35FCD2-5EDD-47A7-9A83-08004BAC9272}"
EndProject
Project("{9A19103F-16F7-4668-BE54-9A1E7A4F7556}") = "Telegraph.Test", "Telegraph.Test\Telegraph.Test.csproj", "{C1675811-68B9-4417-B79D-CA8911081CC0}"
EndProject
Project("{2150E333-8FDC-42A3-9474-1A3956D46DE8}") = "Solution Items", "Solution Items", "{4126B773-C84E-4618-A4B5-0AA9AA1CC500}"
	ProjectSection(SolutionItems) = preProject
		..\.gitignore = ..\.gitignore
		..\LICENSE = ..\LICENSE
		..\.github\workflows\main.yml = ..\.github\workflows\main.yml
		..\README.md = ..\README.md
	EndProjectSection
EndProject
Project("{2150E333-8FDC-42A3-9474-1A3956D46DE8}") = "Tests", "Tests", "{FB924CAF-2B6D-41FE-9BB5-E6B91AE74256}"
EndProject
Project("{2150E333-8FDC-42A3-9474-1A3956D46DE8}") = "NuGets", "NuGets", "{8731A2CB-09E1-4287-9333-657275449D86}"
EndProject
Project("{2150E333-8FDC-42A3-9474-1A3956D46DE8}") = "GithubActions", "GithubActions", "{543304DE-01AB-484D-A515-51F8A8796F90}"
	ProjectSection(SolutionItems) = preProject
		..\.github\workflows\main.yml = ..\.github\workflows\main.yml
	EndProjectSection
EndProject
Global
	GlobalSection(SolutionConfigurationPlatforms) = preSolution
		Debug|Any CPU = Debug|Any CPU
		Release|Any CPU = Release|Any CPU
	EndGlobalSection
	GlobalSection(ProjectConfigurationPlatforms) = postSolution
		{EC35FCD2-5EDD-47A7-9A83-08004BAC9272}.Debug|Any CPU.ActiveCfg = Debug|Any CPU
		{EC35FCD2-5EDD-47A7-9A83-08004BAC9272}.Debug|Any CPU.Build.0 = Debug|Any CPU
		{EC35FCD2-5EDD-47A7-9A83-08004BAC9272}.Release|Any CPU.ActiveCfg = Release|Any CPU
		{EC35FCD2-5EDD-47A7-9A83-08004BAC9272}.Release|Any CPU.Build.0 = Release|Any CPU
		{C1675811-68B9-4417-B79D-CA8911081CC0}.Debug|Any CPU.ActiveCfg = Debug|Any CPU
		{C1675811-68B9-4417-B79D-CA8911081CC0}.Debug|Any CPU.Build.0 = Debug|Any CPU
		{C1675811-68B9-4417-B79D-CA8911081CC0}.Release|Any CPU.ActiveCfg = Release|Any CPU
		{C1675811-68B9-4417-B79D-CA8911081CC0}.Release|Any CPU.Build.0 = Release|Any CPU
	EndGlobalSection
	GlobalSection(SolutionProperties) = preSolution
		HideSolutionNode = FALSE
	EndGlobalSection
	GlobalSection(NestedProjects) = preSolution
		{EC35FCD2-5EDD-47A7-9A83-08004BAC9272} = {8731A2CB-09E1-4287-9333-657275449D86}
		{C1675811-68B9-4417-B79D-CA8911081CC0} = {FB924CAF-2B6D-41FE-9BB5-E6B91AE74256}
	EndGlobalSection
	GlobalSection(NestedProjects) = preSolution
		{543304DE-01AB-484D-A515-51F8A8796F90} = {4126B773-C84E-4618-A4B5-0AA9AA1CC500}
	EndGlobalSection
	GlobalSection(ExtensibilityGlobals) = postSolution
		SolutionGuid = {19D066D4-516C-4D63-A928-09D97E2DF039}
	EndGlobalSection
EndGlobal
